// !$*UTF8*$!
{
	archiveVersion = 1;
	classes = {
	};
	objectVersion = 77;
	objects = {

/* Begin PBXBuildFile section */
		0CFC74332D32C97C0009FCC5 /* RealmSwift in Frameworks */ = {isa = PBXBuildFile; productRef = 0CFC74322D32C97C0009FCC5 /* RealmSwift */; };
/* End PBXBuildFile section */

/* Begin PBXContainerItemProxy section */
		0CFC73F42D32A2C20009FCC5 /* PBXContainerItemProxy */ = {
			isa = PBXContainerItemProxy;
			containerPortal = 0CFC73DA2D32A2C00009FCC5 /* Project object */;
			proxyType = 1;
			remoteGlobalIDString = 0CFC73E12D32A2C00009FCC5;
			remoteInfo = OnlineFirstNotes;
		};
		0CFC73FE2D32A2C20009FCC5 /* PBXContainerItemProxy */ = {
			isa = PBXContainerItemProxy;
			containerPortal = 0CFC73DA2D32A2C00009FCC5 /* Project object */;
			proxyType = 1;
			remoteGlobalIDString = 0CFC73E12D32A2C00009FCC5;
			remoteInfo = OnlineFirstNotes;
		};
/* End PBXContainerItemProxy section */

/* Begin PBXFileReference section */
		0CFC73E22D32A2C00009FCC5 /* OnlineFirstNotes.app */ = {isa = PBXFileReference; explicitFileType = wrapper.application; includeInIndex = 0; path = OnlineFirstNotes.app; sourceTree = BUILT_PRODUCTS_DIR; };
		0CFC73F32D32A2C20009FCC5 /* OnlineFirstNotesTests.xctest */ = {isa = PBXFileReference; explicitFileType = wrapper.cfbundle; includeInIndex = 0; path = OnlineFirstNotesTests.xctest; sourceTree = BUILT_PRODUCTS_DIR; };
		0CFC73FD2D32A2C20009FCC5 /* OnlineFirstNotesUITests.xctest */ = {isa = PBXFileReference; explicitFileType = wrapper.cfbundle; includeInIndex = 0; path = OnlineFirstNotesUITests.xctest; sourceTree = BUILT_PRODUCTS_DIR; };
/* End PBXFileReference section */

/* Begin PBXFileSystemSynchronizedBuildFileExceptionSet section */
		0CFC74242D32AAF60009FCC5 /* Exceptions for "OnlineFirstNotes" folder in "OnlineFirstNotes" target */ = {
			isa = PBXFileSystemSynchronizedBuildFileExceptionSet;
			membershipExceptions = (
				Info.plist,
			);
			target = 0CFC73E12D32A2C00009FCC5 /* OnlineFirstNotes */;
		};
/* End PBXFileSystemSynchronizedBuildFileExceptionSet section */

/* Begin PBXFileSystemSynchronizedRootGroup section */
		0CFC73E42D32A2C00009FCC5 /* OnlineFirstNotes */ = {
			isa = PBXFileSystemSynchronizedRootGroup;
			exceptions = (
				0CFC74242D32AAF60009FCC5 /* Exceptions for "OnlineFirstNotes" folder in "OnlineFirstNotes" target */,
			);
			path = OnlineFirstNotes;
			sourceTree = "<group>";
		};
		0CFC73F62D32A2C20009FCC5 /* OnlineFirstNotesTests */ = {
			isa = PBXFileSystemSynchronizedRootGroup;
			path = OnlineFirstNotesTests;
			sourceTree = "<group>";
		};
		0CFC74002D32A2C20009FCC5 /* OnlineFirstNotesUITests */ = {
			isa = PBXFileSystemSynchronizedRootGroup;
			path = OnlineFirstNotesUITests;
			sourceTree = "<group>";
		};
/* End PBXFileSystemSynchronizedRootGroup section */

/* Begin PBXFrameworksBuildPhase section */
		0CFC73DF2D32A2C00009FCC5 /* Frameworks */ = {
			isa = PBXFrameworksBuildPhase;
			buildActionMask = 2147483647;
			files = (
				0CFC74332D32C97C0009FCC5 /* RealmSwift in Frameworks */,
			);
			runOnlyForDeploymentPostprocessing = 0;
		};
		0CFC73F02D32A2C20009FCC5 /* Frameworks */ = {
			isa = PBXFrameworksBuildPhase;
			buildActionMask = 2147483647;
			files = (
			);
			runOnlyForDeploymentPostprocessing = 0;
		};
		0CFC73FA2D32A2C20009FCC5 /* Frameworks */ = {
			isa = PBXFrameworksBuildPhase;
			buildActionMask = 2147483647;
			files = (
			);
			runOnlyForDeploymentPostprocessing = 0;
		};
/* End PBXFrameworksBuildPhase section */

/* Begin PBXGroup section */
		0CFC73D92D32A2C00009FCC5 = {
			isa = PBXGroup;
			children = (
				0CFC73E42D32A2C00009FCC5 /* OnlineFirstNotes */,
				0CFC73F62D32A2C20009FCC5 /* OnlineFirstNotesTests */,
				0CFC74002D32A2C20009FCC5 /* OnlineFirstNotesUITests */,
				0CFC73E32D32A2C00009FCC5 /* Products */,
			);
			sourceTree = "<group>";
		};
		0CFC73E32D32A2C00009FCC5 /* Products */ = {
			isa = PBXGroup;
			children = (
				0CFC73E22D32A2C00009FCC5 /* OnlineFirstNotes.app */,
				0CFC73F32D32A2C20009FCC5 /* OnlineFirstNotesTests.xctest */,
				0CFC73FD2D32A2C20009FCC5 /* OnlineFirstNotesUITests.xctest */,
			);
			name = Products;
			sourceTree = "<group>";
		};
/* End PBXGroup section */

/* Begin PBXNativeTarget section */
		0CFC73E12D32A2C00009FCC5 /* OnlineFirstNotes */ = {
			isa = PBXNativeTarget;
			buildConfigurationList = 0CFC74072D32A2C20009FCC5 /* Build configuration list for PBXNativeTarget "OnlineFirstNotes" */;
			buildPhases = (
				0CFC73DE2D32A2C00009FCC5 /* Sources */,
				0CFC73DF2D32A2C00009FCC5 /* Frameworks */,
				0CFC73E02D32A2C00009FCC5 /* Resources */,
			);
			buildRules = (
			);
			dependencies = (
			);
			fileSystemSynchronizedGroups = (
				0CFC73E42D32A2C00009FCC5 /* OnlineFirstNotes */,
			);
			name = OnlineFirstNotes;
			packageProductDependencies = (
				0CFC74322D32C97C0009FCC5 /* RealmSwift */,
			);
			productName = OnlineFirstNotes;
			productReference = 0CFC73E22D32A2C00009FCC5 /* OnlineFirstNotes.app */;
			productType = "com.apple.product-type.application";
		};
		0CFC73F22D32A2C20009FCC5 /* OnlineFirstNotesTests */ = {
			isa = PBXNativeTarget;
			buildConfigurationList = 0CFC740A2D32A2C20009FCC5 /* Build configuration list for PBXNativeTarget "OnlineFirstNotesTests" */;
			buildPhases = (
				0CFC73EF2D32A2C20009FCC5 /* Sources */,
				0CFC73F02D32A2C20009FCC5 /* Frameworks */,
				0CFC73F12D32A2C20009FCC5 /* Resources */,
			);
			buildRules = (
			);
			dependencies = (
				0CFC73F52D32A2C20009FCC5 /* PBXTargetDependency */,
			);
			fileSystemSynchronizedGroups = (
				0CFC73F62D32A2C20009FCC5 /* OnlineFirstNotesTests */,
			);
			name = OnlineFirstNotesTests;
			packageProductDependencies = (
			);
			productName = OnlineFirstNotesTests;
			productReference = 0CFC73F32D32A2C20009FCC5 /* OnlineFirstNotesTests.xctest */;
			productType = "com.apple.product-type.bundle.unit-test";
		};
		0CFC73FC2D32A2C20009FCC5 /* OnlineFirstNotesUITests */ = {
			isa = PBXNativeTarget;
			buildConfigurationList = 0CFC740D2D32A2C20009FCC5 /* Build configuration list for PBXNativeTarget "OnlineFirstNotesUITests" */;
			buildPhases = (
				0CFC73F92D32A2C20009FCC5 /* Sources */,
				0CFC73FA2D32A2C20009FCC5 /* Frameworks */,
				0CFC73FB2D32A2C20009FCC5 /* Resources */,
			);
			buildRules = (
			);
			dependencies = (
				0CFC73FF2D32A2C20009FCC5 /* PBXTargetDependency */,
			);
			fileSystemSynchronizedGroups = (
				0CFC74002D32A2C20009FCC5 /* OnlineFirstNotesUITests */,
			);
			name = OnlineFirstNotesUITests;
			packageProductDependencies = (
			);
			productName = OnlineFirstNotesUITests;
			productReference = 0CFC73FD2D32A2C20009FCC5 /* OnlineFirstNotesUITests.xctest */;
			productType = "com.apple.product-type.bundle.ui-testing";
		};
/* End PBXNativeTarget section */

/* Begin PBXProject section */
		0CFC73DA2D32A2C00009FCC5 /* Project object */ = {
			isa = PBXProject;
			attributes = {
				BuildIndependentTargetsInParallel = 1;
				LastSwiftUpdateCheck = 1610;
				LastUpgradeCheck = 1610;
				TargetAttributes = {
					0CFC73E12D32A2C00009FCC5 = {
						CreatedOnToolsVersion = 16.1;
					};
					0CFC73F22D32A2C20009FCC5 = {
						CreatedOnToolsVersion = 16.1;
						TestTargetID = 0CFC73E12D32A2C00009FCC5;
					};
					0CFC73FC2D32A2C20009FCC5 = {
						CreatedOnToolsVersion = 16.1;
						TestTargetID = 0CFC73E12D32A2C00009FCC5;
					};
				};
			};
			buildConfigurationList = 0CFC73DD2D32A2C00009FCC5 /* Build configuration list for PBXProject "OnlineFirstNotes" */;
			developmentRegion = en;
			hasScannedForEncodings = 0;
			knownRegions = (
				en,
				Base,
			);
			mainGroup = 0CFC73D92D32A2C00009FCC5;
			minimizedProjectReferenceProxies = 1;
			packageReferences = (
				0CFC742D2D32C8830009FCC5 /* XCRemoteSwiftPackageReference "realm-swift" */,
			);
			preferredProjectObjectVersion = 77;
			productRefGroup = 0CFC73E32D32A2C00009FCC5 /* Products */;
			projectDirPath = "";
			projectRoot = "";
			targets = (
				0CFC73E12D32A2C00009FCC5 /* OnlineFirstNotes */,
				0CFC73F22D32A2C20009FCC5 /* OnlineFirstNotesTests */,
				0CFC73FC2D32A2C20009FCC5 /* OnlineFirstNotesUITests */,
			);
		};
/* End PBXProject section */

/* Begin PBXResourcesBuildPhase section */
		0CFC73E02D32A2C00009FCC5 /* Resources */ = {
			isa = PBXResourcesBuildPhase;
			buildActionMask = 2147483647;
			files = (
			);
			runOnlyForDeploymentPostprocessing = 0;
		};
		0CFC73F12D32A2C20009FCC5 /* Resources */ = {
			isa = PBXResourcesBuildPhase;
			buildActionMask = 2147483647;
			files = (
			);
			runOnlyForDeploymentPostprocessing = 0;
		};
		0CFC73FB2D32A2C20009FCC5 /* Resources */ = {
			isa = PBXResourcesBuildPhase;
			buildActionMask = 2147483647;
			files = (
			);
			runOnlyForDeploymentPostprocessing = 0;
		};
/* End PBXResourcesBuildPhase section */

/* Begin PBXSourcesBuildPhase section */
		0CFC73DE2D32A2C00009FCC5 /* Sources */ = {
			isa = PBXSourcesBuildPhase;
			buildActionMask = 2147483647;
			files = (
			);
			runOnlyForDeploymentPostprocessing = 0;
		};
		0CFC73EF2D32A2C20009FCC5 /* Sources */ = {
			isa = PBXSourcesBuildPhase;
			buildActionMask = 2147483647;
			files = (
			);
			runOnlyForDeploymentPostprocessing = 0;
		};
		0CFC73F92D32A2C20009FCC5 /* Sources */ = {
			isa = PBXSourcesBuildPhase;
			buildActionMask = 2147483647;
			files = (
			);
			runOnlyForDeploymentPostprocessing = 0;
		};
/* End PBXSourcesBuildPhase section */

/* Begin PBXTargetDependency section */
		0CFC73F52D32A2C20009FCC5 /* PBXTargetDependency */ = {
			isa = PBXTargetDependency;
			target = 0CFC73E12D32A2C00009FCC5 /* OnlineFirstNotes */;
			targetProxy = 0CFC73F42D32A2C20009FCC5 /* PBXContainerItemProxy */;
		};
		0CFC73FF2D32A2C20009FCC5 /* PBXTargetDependency */ = {
			isa = PBXTargetDependency;
			target = 0CFC73E12D32A2C00009FCC5 /* OnlineFirstNotes */;
			targetProxy = 0CFC73FE2D32A2C20009FCC5 /* PBXContainerItemProxy */;
		};
/* End PBXTargetDependency section */

/* Begin XCBuildConfiguration section */
		0CFC74052D32A2C20009FCC5 /* Debug */ = {
			isa = XCBuildConfiguration;
			buildSettings = {
				ALWAYS_SEARCH_USER_PATHS = NO;
				ASSETCATALOG_COMPILER_GENERATE_SWIFT_ASSET_SYMBOL_EXTENSIONS = YES;
				CLANG_ANALYZER_NONNULL = YES;
				CLANG_ANALYZER_NUMBER_OBJECT_CONVERSION = YES_AGGRESSIVE;
				CLANG_CXX_LANGUAGE_STANDARD = "gnu++20";
				CLANG_ENABLE_MODULES = YES;
				CLANG_ENABLE_OBJC_ARC = YES;
				CLANG_ENABLE_OBJC_WEAK = YES;
				CLANG_WARN_BLOCK_CAPTURE_AUTORELEASING = YES;
				CLANG_WARN_BOOL_CONVERSION = YES;
				CLANG_WARN_COMMA = YES;
				CLANG_WARN_CONSTANT_CONVERSION = YES;
				CLANG_WARN_DEPRECATED_OBJC_IMPLEMENTATIONS = YES;
				CLANG_WARN_DIRECT_OBJC_ISA_USAGE = YES_ERROR;
				CLANG_WARN_DOCUMENTATION_COMMENTS = YES;
				CLANG_WARN_EMPTY_BODY = YES;
				CLANG_WARN_ENUM_CONVERSION = YES;
				CLANG_WARN_INFINITE_RECURSION = YES;
				CLANG_WARN_INT_CONVERSION = YES;
				CLANG_WARN_NON_LITERAL_NULL_CONVERSION = YES;
				CLANG_WARN_OBJC_IMPLICIT_RETAIN_SELF = YES;
				CLANG_WARN_OBJC_LITERAL_CONVERSION = YES;
				CLANG_WARN_OBJC_ROOT_CLASS = YES_ERROR;
				CLANG_WARN_QUOTED_INCLUDE_IN_FRAMEWORK_HEADER = YES;
				CLANG_WARN_RANGE_LOOP_ANALYSIS = YES;
				CLANG_WARN_STRICT_PROTOTYPES = YES;
				CLANG_WARN_SUSPICIOUS_MOVE = YES;
				CLANG_WARN_UNGUARDED_AVAILABILITY = YES_AGGRESSIVE;
				CLANG_WARN_UNREACHABLE_CODE = YES;
				CLANG_WARN__DUPLICATE_METHOD_MATCH = YES;
				COPY_PHASE_STRIP = NO;
				DEBUG_INFORMATION_FORMAT = dwarf;
				ENABLE_STRICT_OBJC_MSGSEND = YES;
				ENABLE_TESTABILITY = YES;
				ENABLE_USER_SCRIPT_SANDBOXING = YES;
				GCC_C_LANGUAGE_STANDARD = gnu17;
				GCC_DYNAMIC_NO_PIC = NO;
				GCC_NO_COMMON_BLOCKS = YES;
				GCC_OPTIMIZATION_LEVEL = 0;
				GCC_PREPROCESSOR_DEFINITIONS = (
					"DEBUG=1",
					"$(inherited)",
				);
				GCC_WARN_64_TO_32_BIT_CONVERSION = YES;
				GCC_WARN_ABOUT_RETURN_TYPE = YES_ERROR;
				GCC_WARN_UNDECLARED_SELECTOR = YES;
				GCC_WARN_UNINITIALIZED_AUTOS = YES_AGGRESSIVE;
				GCC_WARN_UNUSED_FUNCTION = YES;
				GCC_WARN_UNUSED_VARIABLE = YES;
				LOCALIZATION_PREFERS_STRING_CATALOGS = YES;
				MTL_ENABLE_DEBUG_INFO = INCLUDE_SOURCE;
				MTL_FAST_MATH = YES;
				ONLY_ACTIVE_ARCH = YES;
				SWIFT_ACTIVE_COMPILATION_CONDITIONS = "DEBUG $(inherited)";
				SWIFT_OPTIMIZATION_LEVEL = "-Onone";
			};
			name = Debug;
		};
		0CFC74062D32A2C20009FCC5 /* Release */ = {
			isa = XCBuildConfiguration;
			buildSettings = {
				ALWAYS_SEARCH_USER_PATHS = NO;
				ASSETCATALOG_COMPILER_GENERATE_SWIFT_ASSET_SYMBOL_EXTENSIONS = YES;
				CLANG_ANALYZER_NONNULL = YES;
				CLANG_ANALYZER_NUMBER_OBJECT_CONVERSION = YES_AGGRESSIVE;
				CLANG_CXX_LANGUAGE_STANDARD = "gnu++20";
				CLANG_ENABLE_MODULES = YES;
				CLANG_ENABLE_OBJC_ARC = YES;
				CLANG_ENABLE_OBJC_WEAK = YES;
				CLANG_WARN_BLOCK_CAPTURE_AUTORELEASING = YES;
				CLANG_WARN_BOOL_CONVERSION = YES;
				CLANG_WARN_COMMA = YES;
				CLANG_WARN_CONSTANT_CONVERSION = YES;
				CLANG_WARN_DEPRECATED_OBJC_IMPLEMENTATIONS = YES;
				CLANG_WARN_DIRECT_OBJC_ISA_USAGE = YES_ERROR;
				CLANG_WARN_DOCUMENTATION_COMMENTS = YES;
				CLANG_WARN_EMPTY_BODY = YES;
				CLANG_WARN_ENUM_CONVERSION = YES;
				CLANG_WARN_INFINITE_RECURSION = YES;
				CLANG_WARN_INT_CONVERSION = YES;
				CLANG_WARN_NON_LITERAL_NULL_CONVERSION = YES;
				CLANG_WARN_OBJC_IMPLICIT_RETAIN_SELF = YES;
				CLANG_WARN_OBJC_LITERAL_CONVERSION = YES;
				CLANG_WARN_OBJC_ROOT_CLASS = YES_ERROR;
				CLANG_WARN_QUOTED_INCLUDE_IN_FRAMEWORK_HEADER = YES;
				CLANG_WARN_RANGE_LOOP_ANALYSIS = YES;
				CLANG_WARN_STRICT_PROTOTYPES = YES;
				CLANG_WARN_SUSPICIOUS_MOVE = YES;
				CLANG_WARN_UNGUARDED_AVAILABILITY = YES_AGGRESSIVE;
				CLANG_WARN_UNREACHABLE_CODE = YES;
				CLANG_WARN__DUPLICATE_METHOD_MATCH = YES;
				COPY_PHASE_STRIP = NO;
				DEBUG_INFORMATION_FORMAT = "dwarf-with-dsym";
				ENABLE_NS_ASSERTIONS = NO;
				ENABLE_STRICT_OBJC_MSGSEND = YES;
				ENABLE_USER_SCRIPT_SANDBOXING = YES;
				GCC_C_LANGUAGE_STANDARD = gnu17;
				GCC_NO_COMMON_BLOCKS = YES;
				GCC_WARN_64_TO_32_BIT_CONVERSION = YES;
				GCC_WARN_ABOUT_RETURN_TYPE = YES_ERROR;
				GCC_WARN_UNDECLARED_SELECTOR = YES;
				GCC_WARN_UNINITIALIZED_AUTOS = YES_AGGRESSIVE;
				GCC_WARN_UNUSED_FUNCTION = YES;
				GCC_WARN_UNUSED_VARIABLE = YES;
				LOCALIZATION_PREFERS_STRING_CATALOGS = YES;
				MTL_ENABLE_DEBUG_INFO = NO;
				MTL_FAST_MATH = YES;
				SWIFT_COMPILATION_MODE = wholemodule;
			};
			name = Release;
		};
		0CFC74082D32A2C20009FCC5 /* Debug */ = {
			isa = XCBuildConfiguration;
			buildSettings = {
				ASSETCATALOG_COMPILER_APPICON_NAME = AppIcon;
				ASSETCATALOG_COMPILER_GLOBAL_ACCENT_COLOR_NAME = AccentColor;
				CODE_SIGN_ENTITLEMENTS = OnlineFirstNotes/OnlineFirstNotes.entitlements;
				CODE_SIGN_STYLE = Automatic;
				CURRENT_PROJECT_VERSION = 1;
				DEVELOPMENT_ASSET_PATHS = "\"OnlineFirstNotes/Preview Content\"";
				ENABLE_PREVIEWS = YES;
				GENERATE_INFOPLIST_FILE = YES;
				INFOPLIST_FILE = OnlineFirstNotes/Info.plist;
				"INFOPLIST_KEY_UIApplicationSceneManifest_Generation[sdk=iphoneos*]" = YES;
				"INFOPLIST_KEY_UIApplicationSceneManifest_Generation[sdk=iphonesimulator*]" = YES;
				"INFOPLIST_KEY_UIApplicationSupportsIndirectInputEvents[sdk=iphoneos*]" = YES;
				"INFOPLIST_KEY_UIApplicationSupportsIndirectInputEvents[sdk=iphonesimulator*]" = YES;
				"INFOPLIST_KEY_UILaunchScreen_Generation[sdk=iphoneos*]" = YES;
				"INFOPLIST_KEY_UILaunchScreen_Generation[sdk=iphonesimulator*]" = YES;
				"INFOPLIST_KEY_UIStatusBarStyle[sdk=iphoneos*]" = UIStatusBarStyleDefault;
				"INFOPLIST_KEY_UIStatusBarStyle[sdk=iphonesimulator*]" = UIStatusBarStyleDefault;
				INFOPLIST_KEY_UISupportedInterfaceOrientations_iPad = "UIInterfaceOrientationPortrait UIInterfaceOrientationPortraitUpsideDown UIInterfaceOrientationLandscapeLeft UIInterfaceOrientationLandscapeRight";
				INFOPLIST_KEY_UISupportedInterfaceOrientations_iPhone = "UIInterfaceOrientationPortrait UIInterfaceOrientationLandscapeLeft UIInterfaceOrientationLandscapeRight";
				IPHONEOS_DEPLOYMENT_TARGET = 17.6;
				LD_RUNPATH_SEARCH_PATHS = "@executable_path/Frameworks";
				"LD_RUNPATH_SEARCH_PATHS[sdk=macosx*]" = "@executable_path/../Frameworks";
				MACOSX_DEPLOYMENT_TARGET = 14.7;
				MARKETING_VERSION = 1.0;
				PRODUCT_BUNDLE_IDENTIFIER = "com.da-fir.OnlineFirstNotes";
				PRODUCT_NAME = "$(TARGET_NAME)";
				SDKROOT = auto;
				SUPPORTED_PLATFORMS = "iphoneos iphonesimulator";
				SUPPORTS_MACCATALYST = NO;
				SWIFT_EMIT_LOC_STRINGS = YES;
				SWIFT_VERSION = 5.0;
				TARGETED_DEVICE_FAMILY = 1;
				XROS_DEPLOYMENT_TARGET = 2.1;
			};
			name = Debug;
		};
		0CFC74092D32A2C20009FCC5 /* Release */ = {
			isa = XCBuildConfiguration;
			buildSettings = {
				ASSETCATALOG_COMPILER_APPICON_NAME = AppIcon;
				ASSETCATALOG_COMPILER_GLOBAL_ACCENT_COLOR_NAME = AccentColor;
				CODE_SIGN_ENTITLEMENTS = OnlineFirstNotes/OnlineFirstNotes.entitlements;
				CODE_SIGN_STYLE = Automatic;
				CURRENT_PROJECT_VERSION = 1;
				DEVELOPMENT_ASSET_PATHS = "\"OnlineFirstNotes/Preview Content\"";
				ENABLE_PREVIEWS = YES;
				GENERATE_INFOPLIST_FILE = YES;
				INFOPLIST_FILE = OnlineFirstNotes/Info.plist;
				"INFOPLIST_KEY_UIApplicationSceneManifest_Generation[sdk=iphoneos*]" = YES;
				"INFOPLIST_KEY_UIApplicationSceneManifest_Generation[sdk=iphonesimulator*]" = YES;
				"INFOPLIST_KEY_UIApplicationSupportsIndirectInputEvents[sdk=iphoneos*]" = YES;
				"INFOPLIST_KEY_UIApplicationSupportsIndirectInputEvents[sdk=iphonesimulator*]" = YES;
				"INFOPLIST_KEY_UILaunchScreen_Generation[sdk=iphoneos*]" = YES;
				"INFOPLIST_KEY_UILaunchScreen_Generation[sdk=iphonesimulator*]" = YES;
				"INFOPLIST_KEY_UIStatusBarStyle[sdk=iphoneos*]" = UIStatusBarStyleDefault;
				"INFOPLIST_KEY_UIStatusBarStyle[sdk=iphonesimulator*]" = UIStatusBarStyleDefault;
				INFOPLIST_KEY_UISupportedInterfaceOrientations_iPad = "UIInterfaceOrientationPortrait UIInterfaceOrientationPortraitUpsideDown UIInterfaceOrientationLandscapeLeft UIInterfaceOrientationLandscapeRight";
				INFOPLIST_KEY_UISupportedInterfaceOrientations_iPhone = "UIInterfaceOrientationPortrait UIInterfaceOrientationLandscapeLeft UIInterfaceOrientationLandscapeRight";
				IPHONEOS_DEPLOYMENT_TARGET = 17.6;
				LD_RUNPATH_SEARCH_PATHS = "@executable_path/Frameworks";
				"LD_RUNPATH_SEARCH_PATHS[sdk=macosx*]" = "@executable_path/../Frameworks";
				MACOSX_DEPLOYMENT_TARGET = 14.7;
				MARKETING_VERSION = 1.0;
				PRODUCT_BUNDLE_IDENTIFIER = "com.da-fir.OnlineFirstNotes";
				PRODUCT_NAME = "$(TARGET_NAME)";
				SDKROOT = auto;
				SUPPORTED_PLATFORMS = "iphoneos iphonesimulator";
				SUPPORTS_MACCATALYST = NO;
				SWIFT_EMIT_LOC_STRINGS = YES;
				SWIFT_VERSION = 5.0;
				TARGETED_DEVICE_FAMILY = 1;
				XROS_DEPLOYMENT_TARGET = 2.1;
			};
			name = Release;
		};
		0CFC740B2D32A2C20009FCC5 /* Debug */ = {
			isa = XCBuildConfiguration;
			buildSettings = {
				BUNDLE_LOADER = "$(TEST_HOST)";
				CODE_SIGN_STYLE = Automatic;
				CURRENT_PROJECT_VERSION = 1;
				GENERATE_INFOPLIST_FILE = YES;
				IPHONEOS_DEPLOYMENT_TARGET = 18.1;
				MACOSX_DEPLOYMENT_TARGET = 14.7;
				MARKETING_VERSION = 1.0;
				PRODUCT_BUNDLE_IDENTIFIER = "com.da-fir.OnlineFirstNotesTests";
				PRODUCT_NAME = "$(TARGET_NAME)";
				SDKROOT = auto;
				SUPPORTED_PLATFORMS = "iphoneos iphonesimulator macosx xros xrsimulator";
				SWIFT_EMIT_LOC_STRINGS = NO;
				SWIFT_VERSION = 5.0;
				TARGETED_DEVICE_FAMILY = "1,2,7";
				TEST_HOST = "$(BUILT_PRODUCTS_DIR)/OnlineFirstNotes.app/$(BUNDLE_EXECUTABLE_FOLDER_PATH)/OnlineFirstNotes";
				XROS_DEPLOYMENT_TARGET = 2.1;
			};
			name = Debug;
		};
		0CFC740C2D32A2C20009FCC5 /* Release */ = {
			isa = XCBuildConfiguration;
			buildSettings = {
				BUNDLE_LOADER = "$(TEST_HOST)";
				CODE_SIGN_STYLE = Automatic;
				CURRENT_PROJECT_VERSION = 1;
				GENERATE_INFOPLIST_FILE = YES;
				IPHONEOS_DEPLOYMENT_TARGET = 18.1;
				MACOSX_DEPLOYMENT_TARGET = 14.7;
				MARKETING_VERSION = 1.0;
				PRODUCT_BUNDLE_IDENTIFIER = "com.da-fir.OnlineFirstNotesTests";
				PRODUCT_NAME = "$(TARGET_NAME)";
				SDKROOT = auto;
				SUPPORTED_PLATFORMS = "iphoneos iphonesimulator macosx xros xrsimulator";
				SWIFT_EMIT_LOC_STRINGS = NO;
				SWIFT_VERSION = 5.0;
				TARGETED_DEVICE_FAMILY = "1,2,7";
				TEST_HOST = "$(BUILT_PRODUCTS_DIR)/OnlineFirstNotes.app/$(BUNDLE_EXECUTABLE_FOLDER_PATH)/OnlineFirstNotes";
				XROS_DEPLOYMENT_TARGET = 2.1;
			};
			name = Release;
		};
		0CFC740E2D32A2C20009FCC5 /* Debug */ = {
			isa = XCBuildConfiguration;
			buildSettings = {
				CODE_SIGN_STYLE = Automatic;
				CURRENT_PROJECT_VERSION = 1;
				GENERATE_INFOPLIST_FILE = YES;
				IPHONEOS_DEPLOYMENT_TARGET = 18.1;
				MACOSX_DEPLOYMENT_TARGET = 14.7;
				MARKETING_VERSION = 1.0;
				PRODUCT_BUNDLE_IDENTIFIER = "com.da-fir.OnlineFirstNotesUITests";
				PRODUCT_NAME = "$(TARGET_NAME)";
				SDKROOT = auto;
				SUPPORTED_PLATFORMS = "iphoneos iphonesimulator macosx xros xrsimulator";
				SWIFT_EMIT_LOC_STRINGS = NO;
				SWIFT_VERSION = 5.0;
				TARGETED_DEVICE_FAMILY = "1,2,7";
				TEST_TARGET_NAME = OnlineFirstNotes;
				XROS_DEPLOYMENT_TARGET = 2.1;
			};
			name = Debug;
		};
		0CFC740F2D32A2C20009FCC5 /* Release */ = {
			isa = XCBuildConfiguration;
			buildSettings = {
				CODE_SIGN_STYLE = Automatic;
				CURRENT_PROJECT_VERSION = 1;
				GENERATE_INFOPLIST_FILE = YES;
				IPHONEOS_DEPLOYMENT_TARGET = 18.1;
				MACOSX_DEPLOYMENT_TARGET = 14.7;
				MARKETING_VERSION = 1.0;
				PRODUCT_BUNDLE_IDENTIFIER = "com.da-fir.OnlineFirstNotesUITests";
				PRODUCT_NAME = "$(TARGET_NAME)";
				SDKROOT = auto;
				SUPPORTED_PLATFORMS = "iphoneos iphonesimulator macosx xros xrsimulator";
				SWIFT_EMIT_LOC_STRINGS = NO;
				SWIFT_VERSION = 5.0;
				TARGETED_DEVICE_FAMILY = "1,2,7";
				TEST_TARGET_NAME = OnlineFirstNotes;
				XROS_DEPLOYMENT_TARGET = 2.1;
			};
			name = Release;
		};
/* End XCBuildConfiguration section */

/* Begin XCConfigurationList section */
		0CFC73DD2D32A2C00009FCC5 /* Build configuration list for PBXProject "OnlineFirstNotes" */ = {
			isa = XCConfigurationList;
			buildConfigurations = (
				0CFC74052D32A2C20009FCC5 /* Debug */,
				0CFC74062D32A2C20009FCC5 /* Release */,
			);
			defaultConfigurationIsVisible = 0;
			defaultConfigurationName = Release;
		};
		0CFC74072D32A2C20009FCC5 /* Build configuration list for PBXNativeTarget "OnlineFirstNotes" */ = {
			isa = XCConfigurationList;
			buildConfigurations = (
				0CFC74082D32A2C20009FCC5 /* Debug */,
				0CFC74092D32A2C20009FCC5 /* Release */,
			);
			defaultConfigurationIsVisible = 0;
			defaultConfigurationName = Release;
		};
		0CFC740A2D32A2C20009FCC5 /* Build configuration list for PBXNativeTarget "OnlineFirstNotesTests" */ = {
			isa = XCConfigurationList;
			buildConfigurations = (
				0CFC740B2D32A2C20009FCC5 /* Debug */,
				0CFC740C2D32A2C20009FCC5 /* Release */,
			);
			defaultConfigurationIsVisible = 0;
			defaultConfigurationName = Release;
		};
		0CFC740D2D32A2C20009FCC5 /* Build configuration list for PBXNativeTarget "OnlineFirstNotesUITests" */ = {
			isa = XCConfigurationList;
			buildConfigurations = (
				0CFC740E2D32A2C20009FCC5 /* Debug */,
				0CFC740F2D32A2C20009FCC5 /* Release */,
			);
			defaultConfigurationIsVisible = 0;
			defaultConfigurationName = Release;
		};
/* End XCConfigurationList section */

/* Begin XCRemoteSwiftPackageReference section */
		0CFC742D2D32C8830009FCC5 /* XCRemoteSwiftPackageReference "realm-swift" */ = {
			isa = XCRemoteSwiftPackageReference;
			repositoryURL = "https://github.com/realm/realm-swift.git";
			requirement = {
				branch = master;
				kind = branch;
			};
		};
/* End XCRemoteSwiftPackageReference section */

/* Begin XCSwiftPackageProductDependency section */
		0CFC74322D32C97C0009FCC5 /* RealmSwift */ = {
			isa = XCSwiftPackageProductDependency;
			package = 0CFC742D2D32C8830009FCC5 /* XCRemoteSwiftPackageReference "realm-swift" */;
			productName = RealmSwift;
		};
/* End XCSwiftPackageProductDependency section */
	};
	rootObject = 0CFC73DA2D32A2C00009FCC5 /* Project object */;
}
